
Microsoft Visual Studio Solution File, Format Version 12.00
# Visual Studio Version 16
VisualStudioVersion = 16.0.31613.86
MinimumVisualStudioVersion = 10.0.40219.1
Project("{FAE04EC0-301F-11D3-BF4B-00C04F79EFBC}") = "Calificaciones", "Calificaciones.csproj", "{CAF9B944-68A8-42F9-B02D-9D939BDD9881}"
EndProject
Global
	GlobalSection(SolutionConfigurationPlatforms) = preSolution
		Debug|Any CPU = Debug|Any CPU
		Release|Any CPU = Release|Any CPU
	EndGlobalSection
	GlobalSection(ProjectConfigurationPlatforms) = postSolution
		{CAF9B944-68A8-42F9-B02D-9D939BDD9881}.Debug|Any CPU.ActiveCfg = Debug|Any CPU
		{CAF9B944-68A8-42F9-B02D-9D939BDD9881}.Debug|Any CPU.Build.0 = Debug|Any CPU
		{CAF9B944-68A8-42F9-B02D-9D939BDD9881}.Release|Any CPU.ActiveCfg = Release|Any CPU
		{CAF9B944-68A8-42F9-B02D-9D939BDD9881}.Release|Any CPU.Build.0 = Release|Any CPU
	EndGlobalSection
	GlobalSection(SolutionProperties) = preSolution
		HideSolutionNode = FALSE
	EndGlobalSection
	GlobalSection(ExtensibilityGlobals) = postSolution
		SolutionGuid = {CA01FCCC-AB0F-4EB6-86A9-04C9629BA717}
	EndGlobalSection
EndGlobal
